
Microsoft Visual Studio Solution File, Format Version 12.00
# Visual Studio Version 17
VisualStudioVersion = 17.0.32112.339
MinimumVisualStudioVersion = 10.0.40219.1
Project("{FAE04EC0-301F-11D3-BF4B-00C04F79EFBC}") = "Tic Tac Toe", "Tic Tac Toe\Tic Tac Toe.csproj", "{31A44BE1-A95D-48DB-A5F8-E913F7D768B3}"
EndProject
Global
	GlobalSection(SolutionConfigurationPlatforms) = preSolution
		Debug|Any CPU = Debug|Any CPU
		Release|Any CPU = Release|Any CPU
	EndGlobalSection
	GlobalSection(ProjectConfigurationPlatforms) = postSolution
		{31A44BE1-A95D-48DB-A5F8-E913F7D768B3}.Debug|Any CPU.ActiveCfg = Debug|Any CPU
		{31A44BE1-A95D-48DB-A5F8-E913F7D768B3}.Debug|Any CPU.Build.0 = Debug|Any CPU
		{31A44BE1-A95D-48DB-A5F8-E913F7D768B3}.Release|Any CPU.ActiveCfg = Release|Any CPU
		{31A44BE1-A95D-48DB-A5F8-E913F7D768B3}.Release|Any CPU.Build.0 = Release|Any CPU
	EndGlobalSection
	GlobalSection(SolutionProperties) = preSolution
		HideSolutionNode = FALSE
	EndGlobalSection
	GlobalSection(ExtensibilityGlobals) = postSolution
		SolutionGuid = {0537852E-86A3-4AEF-B6CA-C1A2095A8605}
	EndGlobalSection
EndGlobal
